
Microsoft Visual Studio Solution File, Format Version 12.00
# Visual Studio 15
VisualStudioVersion = 15.0.28307.645
MinimumVisualStudioVersion = 10.0.40219.1
Project("{FAE04EC0-301F-11D3-BF4B-00C04F79EFBC}") = "Webshop.Core", "Webshop.Core\Webshop.Core.csproj", "{FA58043B-EEEC-40A2-AC49-DDBCD8EB7D4E}"
EndProject
Project("{FAE04EC0-301F-11D3-BF4B-00C04F79EFBC}") = "Webshop.DataAccess.InMemory", "Webshop.DataAccess.InMemory\Webshop.DataAccess.InMemory.csproj", "{5E256ECF-80E2-4312-8626-324FB039A22D}"
EndProject
Project("{FAE04EC0-301F-11D3-BF4B-00C04F79EFBC}") = "Webshop.DataAccess.SQL", "Webshop.DataAccess.SQL\Webshop.DataAccess.SQL.csproj", "{C02D343A-25E2-4580-88E0-98C2FAC6B8DF}"
EndProject
Project("{FAE04EC0-301F-11D3-BF4B-00C04F79EFBC}") = "Webshop.Services", "Webshop.Services\Webshop.Services.csproj", "{75692D6F-04EE-4DC2-8ADF-51415DC69983}"
EndProject
Project("{FAE04EC0-301F-11D3-BF4B-00C04F79EFBC}") = "Webshop.WebUI", "Webshop.WebUI\Webshop.WebUI.csproj", "{CE8D3458-82F0-4434-B8FA-6D5D741E299C}"
EndProject
Project("{FAE04EC0-301F-11D3-BF4B-00C04F79EFBC}") = "Webshop.WebUI.Tests", "Webshop.WebUI.Tests\Webshop.WebUI.Tests.csproj", "{964EBD22-6BFC-4A88-BD38-C9B81F3E3D1A}"
EndProject
Global
	GlobalSection(SolutionConfigurationPlatforms) = preSolution
		Debug|Any CPU = Debug|Any CPU
		Release|Any CPU = Release|Any CPU
	EndGlobalSection
	GlobalSection(ProjectConfigurationPlatforms) = postSolution
		{FA58043B-EEEC-40A2-AC49-DDBCD8EB7D4E}.Debug|Any CPU.ActiveCfg = Debug|Any CPU
		{FA58043B-EEEC-40A2-AC49-DDBCD8EB7D4E}.Debug|Any CPU.Build.0 = Debug|Any CPU
		{FA58043B-EEEC-40A2-AC49-DDBCD8EB7D4E}.Release|Any CPU.ActiveCfg = Release|Any CPU
		{FA58043B-EEEC-40A2-AC49-DDBCD8EB7D4E}.Release|Any CPU.Build.0 = Release|Any CPU
		{5E256ECF-80E2-4312-8626-324FB039A22D}.Debug|Any CPU.ActiveCfg = Debug|Any CPU
		{5E256ECF-80E2-4312-8626-324FB039A22D}.Debug|Any CPU.Build.0 = Debug|Any CPU
		{5E256ECF-80E2-4312-8626-324FB039A22D}.Release|Any CPU.ActiveCfg = Release|Any CPU
		{5E256ECF-80E2-4312-8626-324FB039A22D}.Release|Any CPU.Build.0 = Release|Any CPU
		{C02D343A-25E2-4580-88E0-98C2FAC6B8DF}.Debug|Any CPU.ActiveCfg = Debug|Any CPU
		{C02D343A-25E2-4580-88E0-98C2FAC6B8DF}.Debug|Any CPU.Build.0 = Debug|Any CPU
		{C02D343A-25E2-4580-88E0-98C2FAC6B8DF}.Release|Any CPU.ActiveCfg = Release|Any CPU
		{C02D343A-25E2-4580-88E0-98C2FAC6B8DF}.Release|Any CPU.Build.0 = Release|Any CPU
		{75692D6F-04EE-4DC2-8ADF-51415DC69983}.Debug|Any CPU.ActiveCfg = Debug|Any CPU
		{75692D6F-04EE-4DC2-8ADF-51415DC69983}.Debug|Any CPU.Build.0 = Debug|Any CPU
		{75692D6F-04EE-4DC2-8ADF-51415DC69983}.Release|Any CPU.ActiveCfg = Release|Any CPU
		{75692D6F-04EE-4DC2-8ADF-51415DC69983}.Release|Any CPU.Build.0 = Release|Any CPU
		{CE8D3458-82F0-4434-B8FA-6D5D741E299C}.Debug|Any CPU.ActiveCfg = Debug|Any CPU
		{CE8D3458-82F0-4434-B8FA-6D5D741E299C}.Debug|Any CPU.Build.0 = Debug|Any CPU
		{CE8D3458-82F0-4434-B8FA-6D5D741E299C}.Release|Any CPU.ActiveCfg = Release|Any CPU
		{CE8D3458-82F0-4434-B8FA-6D5D741E299C}.Release|Any CPU.Build.0 = Release|Any CPU
		{964EBD22-6BFC-4A88-BD38-C9B81F3E3D1A}.Debug|Any CPU.ActiveCfg = Debug|Any CPU
		{964EBD22-6BFC-4A88-BD38-C9B81F3E3D1A}.Debug|Any CPU.Build.0 = Debug|Any CPU
		{964EBD22-6BFC-4A88-BD38-C9B81F3E3D1A}.Release|Any CPU.ActiveCfg = Release|Any CPU
		{964EBD22-6BFC-4A88-BD38-C9B81F3E3D1A}.Release|Any CPU.Build.0 = Release|Any CPU
	EndGlobalSection
	GlobalSection(SolutionProperties) = preSolution
		HideSolutionNode = FALSE
	EndGlobalSection
	GlobalSection(ExtensibilityGlobals) = postSolution
		SolutionGuid = {7B72B1DA-CB3B-4DD0-803D-7AE0A4179949}
	EndGlobalSection
EndGlobal
